Microsoft Visual Studio Solution File, Format Version 12.00
# Visual Studio 2012
Project("{FAE04EC0-301F-11D3-BF4B-00C04F79EFBC}") = "thirdweb-godot", "thirdweb-godot.csproj", "{2508A96A-4059-46EC-B3C1-A679C4C3799D}"
EndProject
Global
	GlobalSection(SolutionConfigurationPlatforms) = preSolution
	Debug|Any CPU = Debug|Any CPU
	ExportDebug|Any CPU = ExportDebug|Any CPU
	ExportRelease|Any CPU = ExportRelease|Any CPU
	EndGlobalSection
	GlobalSection(ProjectConfigurationPlatforms) = postSolution
		{2508A96A-4059-46EC-B3C1-A679C4C3799D}.Debug|Any CPU.ActiveCfg = Debug|Any CPU
		{2508A96A-4059-46EC-B3C1-A679C4C3799D}.Debug|Any CPU.Build.0 = Debug|Any CPU
		{2508A96A-4059-46EC-B3C1-A679C4C3799D}.ExportDebug|Any CPU.ActiveCfg = ExportDebug|Any CPU
		{2508A96A-4059-46EC-B3C1-A679C4C3799D}.ExportDebug|Any CPU.Build.0 = ExportDebug|Any CPU
		{2508A96A-4059-46EC-B3C1-A679C4C3799D}.ExportRelease|Any CPU.ActiveCfg = ExportRelease|Any CPU
		{2508A96A-4059-46EC-B3C1-A679C4C3799D}.ExportRelease|Any CPU.Build.0 = ExportRelease|Any CPU
	EndGlobalSection
EndGlobal
